
Microsoft Visual Studio Solution File, Format Version 12.00
# Visual Studio 2013
VisualStudioVersion = 12.0.30501.0
MinimumVisualStudioVersion = 10.0.40219.1
Project("{FAE04EC0-301F-11D3-BF4B-00C04F79EFBC}") = "XFormsGallery", "XFormsGallery\XFormsGallery\XFormsGallery.csproj", "{D03A6C74-2AC7-44A4-BF52-11081F8A652B}"
EndProject
Project("{FAE04EC0-301F-11D3-BF4B-00C04F79EFBC}") = "XFormsGallery.iOS", "XFormsGallery\XFormsGallery.iOS\XFormsGallery.iOS.csproj", "{F627EFC9-94F0-445F-9DF3-54BE922189C0}"
EndProject
Project("{FAE04EC0-301F-11D3-BF4B-00C04F79EFBC}") = "XFormsGallery.Android", "XFormsGallery\XFormsGallery.Android\XFormsGallery.Android.csproj", "{0E266EC8-E844-459A-906F-DB20DC4EEED9}"
EndProject
Project("{FAE04EC0-301F-11D3-BF4B-00C04F79EFBC}") = "XFormsGallery.WinPhone", "XFormsGallery\XFormsGallery.WinPhone\XFormsGallery.WinPhone.csproj", "{5ABD3B90-6761-425B-97AC-F3148736C42A}"
EndProject
Global
	GlobalSection(SolutionConfigurationPlatforms) = preSolution
		Ad-Hoc|Any CPU = Ad-Hoc|Any CPU
		Ad-Hoc|ARM = Ad-Hoc|ARM
		Ad-Hoc|iPhone = Ad-Hoc|iPhone
		Ad-Hoc|iPhoneSimulator = Ad-Hoc|iPhoneSimulator
		Ad-Hoc|Mixed Platforms = Ad-Hoc|Mixed Platforms
		Ad-Hoc|x86 = Ad-Hoc|x86
		AppStore|Any CPU = AppStore|Any CPU
		AppStore|ARM = AppStore|ARM
		AppStore|iPhone = AppStore|iPhone
		AppStore|iPhoneSimulator = AppStore|iPhoneSimulator
		AppStore|Mixed Platforms = AppStore|Mixed Platforms
		AppStore|x86 = AppStore|x86
		Debug|Any CPU = Debug|Any CPU
		Debug|ARM = Debug|ARM
		Debug|iPhone = Debug|iPhone
		Debug|iPhoneSimulator = Debug|iPhoneSimulator
		Debug|Mixed Platforms = Debug|Mixed Platforms
		Debug|x86 = Debug|x86
		Release|Any CPU = Release|Any CPU
		Release|ARM = Release|ARM
		Release|iPhone = Release|iPhone
		Release|iPhoneSimulator = Release|iPhoneSimulator
		Release|Mixed Platforms = Release|Mixed Platforms
		Release|x86 = Release|x86
	EndGlobalSection
	GlobalSection(ProjectConfigurationPlatforms) = postSolution
		{D03A6C74-2AC7-44A4-BF52-11081F8A652B}.Ad-Hoc|Any CPU.ActiveCfg = Release|Any CPU
		{D03A6C74-2AC7-44A4-BF52-11081F8A652B}.Ad-Hoc|Any CPU.Build.0 = Release|Any CPU
		{D03A6C74-2AC7-44A4-BF52-11081F8A652B}.Ad-Hoc|ARM.ActiveCfg = Release|Any CPU
		{D03A6C74-2AC7-44A4-BF52-11081F8A652B}.Ad-Hoc|iPhone.ActiveCfg = Release|Any CPU
		{D03A6C74-2AC7-44A4-BF52-11081F8A652B}.Ad-Hoc|iPhoneSimulator.ActiveCfg = Release|Any CPU
		{D03A6C74-2AC7-44A4-BF52-11081F8A652B}.Ad-Hoc|Mixed Platforms.ActiveCfg = Release|Any CPU
		{D03A6C74-2AC7-44A4-BF52-11081F8A652B}.Ad-Hoc|Mixed Platforms.Build.0 = Release|Any CPU
		{D03A6C74-2AC7-44A4-BF52-11081F8A652B}.Ad-Hoc|x86.ActiveCfg = Release|Any CPU
		{D03A6C74-2AC7-44A4-BF52-11081F8A652B}.AppStore|Any CPU.ActiveCfg = Release|Any CPU
		{D03A6C74-2AC7-44A4-BF52-11081F8A652B}.AppStore|Any CPU.Build.0 = Release|Any CPU
		{D03A6C74-2AC7-44A4-BF52-11081F8A652B}.AppStore|ARM.ActiveCfg = Release|Any CPU
		{D03A6C74-2AC7-44A4-BF52-11081F8A652B}.AppStore|iPhone.ActiveCfg = Release|Any CPU
		{D03A6C74-2AC7-44A4-BF52-11081F8A652B}.AppStore|iPhoneSimulator.ActiveCfg = Release|Any CPU
		{D03A6C74-2AC7-44A4-BF52-11081F8A652B}.AppStore|Mixed Platforms.ActiveCfg = Release|Any CPU
		{D03A6C74-2AC7-44A4-BF52-11081F8A652B}.AppStore|Mixed Platforms.Build.0 = Release|Any CPU
		{D03A6C74-2AC7-44A4-BF52-11081F8A652B}.AppStore|x86.ActiveCfg = Release|Any CPU
		{D03A6C74-2AC7-44A4-BF52-11081F8A652B}.Debug|Any CPU.ActiveCfg = Debug|Any CPU
		{D03A6C74-2AC7-44A4-BF52-11081F8A652B}.Debug|Any CPU.Build.0 = Debug|Any CPU
		{D03A6C74-2AC7-44A4-BF52-11081F8A652B}.Debug|ARM.ActiveCfg = Debug|Any CPU
		{D03A6C74-2AC7-44A4-BF52-11081F8A652B}.Debug|iPhone.ActiveCfg = Debug|Any CPU
		{D03A6C74-2AC7-44A4-BF52-11081F8A652B}.Debug|iPhoneSimulator.ActiveCfg = Debug|Any CPU
		{D03A6C74-2AC7-44A4-BF52-11081F8A652B}.Debug|Mixed Platforms.ActiveCfg = Debug|Any CPU
		{D03A6C74-2AC7-44A4-BF52-11081F8A652B}.Debug|Mixed Platforms.Build.0 = Debug|Any CPU
		{D03A6C74-2AC7-44A4-BF52-11081F8A652B}.Debug|x86.ActiveCfg = Debug|Any CPU
		{D03A6C74-2AC7-44A4-BF52-11081F8A652B}.Release|Any CPU.ActiveCfg = Release|Any CPU
		{D03A6C74-2AC7-44A4-BF52-11081F8A652B}.Release|Any CPU.Build.0 = Release|Any CPU
		{D03A6C74-2AC7-44A4-BF52-11081F8A652B}.Release|ARM.ActiveCfg = Release|Any CPU
		{D03A6C74-2AC7-44A4-BF52-11081F8A652B}.Release|iPhone.ActiveCfg = Release|Any CPU
		{D03A6C74-2AC7-44A4-BF52-11081F8A652B}.Release|iPhoneSimulator.ActiveCfg = Release|Any CPU
		{D03A6C74-2AC7-44A4-BF52-11081F8A652B}.Release|Mixed Platforms.ActiveCfg = Release|Any CPU
		{D03A6C74-2AC7-44A4-BF52-11081F8A652B}.Release|Mixed Platforms.Build.0 = Release|Any CPU
		{D03A6C74-2AC7-44A4-BF52-11081F8A652B}.Release|x86.ActiveCfg = Release|Any CPU
		{F627EFC9-94F0-445F-9DF3-54BE922189C0}.Ad-Hoc|Any CPU.ActiveCfg = Ad-Hoc|iPhone
		{F627EFC9-94F0-445F-9DF3-54BE922189C0}.Ad-Hoc|ARM.ActiveCfg = Ad-Hoc|iPhone
		{F627EFC9-94F0-445F-9DF3-54BE922189C0}.Ad-Hoc|iPhone.ActiveCfg = Ad-Hoc|iPhone
		{F627EFC9-94F0-445F-9DF3-54BE922189C0}.Ad-Hoc|iPhone.Build.0 = Ad-Hoc|iPhone
		{F627EFC9-94F0-445F-9DF3-54BE922189C0}.Ad-Hoc|iPhone.Deploy.0 = Ad-Hoc|iPhone
		{F627EFC9-94F0-445F-9DF3-54BE922189C0}.Ad-Hoc|iPhoneSimulator.ActiveCfg = Ad-Hoc|iPhoneSimulator
		{F627EFC9-94F0-445F-9DF3-54BE922189C0}.Ad-Hoc|iPhoneSimulator.Build.0 = Ad-Hoc|iPhoneSimulator
		{F627EFC9-94F0-445F-9DF3-54BE922189C0}.Ad-Hoc|iPhoneSimulator.Deploy.0 = Ad-Hoc|iPhoneSimulator
		{F627EFC9-94F0-445F-9DF3-54BE922189C0}.Ad-Hoc|Mixed Platforms.ActiveCfg = Ad-Hoc|iPhone
		{F627EFC9-94F0-445F-9DF3-54BE922189C0}.Ad-Hoc|Mixed Platforms.Build.0 = Ad-Hoc|iPhone
		{F627EFC9-94F0-445F-9DF3-54BE922189C0}.Ad-Hoc|Mixed Platforms.Deploy.0 = Ad-Hoc|iPhone
		{F627EFC9-94F0-445F-9DF3-54BE922189C0}.Ad-Hoc|x86.ActiveCfg = Ad-Hoc|iPhone
		{F627EFC9-94F0-445F-9DF3-54BE922189C0}.AppStore|Any CPU.ActiveCfg = AppStore|iPhone
		{F627EFC9-94F0-445F-9DF3-54BE922189C0}.AppStore|ARM.ActiveCfg = AppStore|iPhone
		{F627EFC9-94F0-445F-9DF3-54BE922189C0}.AppStore|iPhone.ActiveCfg = AppStore|iPhone
		{F627EFC9-94F0-445F-9DF3-54BE922189C0}.AppStore|iPhone.Build.0 = AppStore|iPhone
		{F627EFC9-94F0-445F-9DF3-54BE922189C0}.AppStore|iPhone.Deploy.0 = AppStore|iPhone
		{F627EFC9-94F0-445F-9DF3-54BE922189C0}.AppStore|iPhoneSimulator.ActiveCfg = AppStore|iPhoneSimulator
		{F627EFC9-94F0-445F-9DF3-54BE922189C0}.AppStore|iPhoneSimulator.Build.0 = AppStore|iPhoneSimulator
		{F627EFC9-94F0-445F-9DF3-54BE922189C0}.AppStore|iPhoneSimulator.Deploy.0 = AppStore|iPhoneSimulator
		{F627EFC9-94F0-445F-9DF3-54BE922189C0}.AppStore|Mixed Platforms.ActiveCfg = AppStore|iPhone
		{F627EFC9-94F0-445F-9DF3-54BE922189C0}.AppStore|Mixed Platforms.Build.0 = AppStore|iPhone
		{F627EFC9-94F0-445F-9DF3-54BE922189C0}.AppStore|Mixed Platforms.Deploy.0 = AppStore|iPhone
		{F627EFC9-94F0-445F-9DF3-54BE922189C0}.AppStore|x86.ActiveCfg = AppStore|iPhone
		{F627EFC9-94F0-445F-9DF3-54BE922189C0}.Debug|Any CPU.ActiveCfg = Debug|iPhone
		{F627EFC9-94F0-445F-9DF3-54BE922189C0}.Debug|ARM.ActiveCfg = Debug|iPhone
		{F627EFC9-94F0-445F-9DF3-54BE922189C0}.Debug|iPhone.ActiveCfg = Debug|iPhone
		{F627EFC9-94F0-445F-9DF3-54BE922189C0}.Debug|iPhone.Build.0 = Debug|iPhone
		{F627EFC9-94F0-445F-9DF3-54BE922189C0}.Debug|iPhone.Deploy.0 = Debug|iPhone
		{F627EFC9-94F0-445F-9DF3-54BE922189C0}.Debug|iPhoneSimulator.ActiveCfg = Debug|iPhoneSimulator
		{F627EFC9-94F0-445F-9DF3-54BE922189C0}.Debug|iPhoneSimulator.Build.0 = Debug|iPhoneSimulator
		{F627EFC9-94F0-445F-9DF3-54BE922189C0}.Debug|iPhoneSimulator.Deploy.0 = Debug|iPhoneSimulator
		{F627EFC9-94F0-445F-9DF3-54BE922189C0}.Debug|Mixed Platforms.ActiveCfg = Debug|iPhone
		{F627EFC9-94F0-445F-9DF3-54BE922189C0}.Debug|Mixed Platforms.Build.0 = Debug|iPhone
		{F627EFC9-94F0-445F-9DF3-54BE922189C0}.Debug|Mixed Platforms.Deploy.0 = Debug|iPhone
		{F627EFC9-94F0-445F-9DF3-54BE922189C0}.Debug|x86.ActiveCfg = Debug|iPhone
		{F627EFC9-94F0-445F-9DF3-54BE922189C0}.Release|Any CPU.ActiveCfg = Release|iPhone
		{F627EFC9-94F0-445F-9DF3-54BE922189C0}.Release|ARM.ActiveCfg = Release|iPhone
		{F627EFC9-94F0-445F-9DF3-54BE922189C0}.Release|iPhone.ActiveCfg = Release|iPhone
		{F627EFC9-94F0-445F-9DF3-54BE922189C0}.Release|iPhone.Build.0 = Release|iPhone
		{F627EFC9-94F0-445F-9DF3-54BE922189C0}.Release|iPhone.Deploy.0 = Release|iPhone
		{F627EFC9-94F0-445F-9DF3-54BE922189C0}.Release|iPhoneSimulator.ActiveCfg = Release|iPhoneSimulator
		{F627EFC9-94F0-445F-9DF3-54BE922189C0}.Release|iPhoneSimulator.Build.0 = Release|iPhoneSimulator
		{F627EFC9-94F0-445F-9DF3-54BE922189C0}.Release|iPhoneSimulator.Deploy.0 = Release|iPhoneSimulator
		{F627EFC9-94F0-445F-9DF3-54BE922189C0}.Release|Mixed Platforms.ActiveCfg = Release|iPhone
		{F627EFC9-94F0-445F-9DF3-54BE922189C0}.Release|Mixed Platforms.Build.0 = Release|iPhone
		{F627EFC9-94F0-445F-9DF3-54BE922189C0}.Release|Mixed Platforms.Deploy.0 = Release|iPhone
		{F627EFC9-94F0-445F-9DF3-54BE922189C0}.Release|x86.ActiveCfg = Release|iPhone
		{0E266EC8-E844-459A-906F-DB20DC4EEED9}.Ad-Hoc|Any CPU.ActiveCfg = Release|Any CPU
		{0E266EC8-E844-459A-906F-DB20DC4EEED9}.Ad-Hoc|Any CPU.Build.0 = Release|Any CPU
		{0E266EC8-E844-459A-906F-DB20DC4EEED9}.Ad-Hoc|Any CPU.Deploy.0 = Release|Any CPU
		{0E266EC8-E844-459A-906F-DB20DC4EEED9}.Ad-Hoc|ARM.ActiveCfg = Release|Any CPU
		{0E266EC8-E844-459A-906F-DB20DC4EEED9}.Ad-Hoc|iPhone.ActiveCfg = Release|Any CPU
		{0E266EC8-E844-459A-906F-DB20DC4EEED9}.Ad-Hoc|iPhoneSimulator.ActiveCfg = Release|Any CPU
		{0E266EC8-E844-459A-906F-DB20DC4EEED9}.Ad-Hoc|Mixed Platforms.ActiveCfg = Release|Any CPU
		{0E266EC8-E844-459A-906F-DB20DC4EEED9}.Ad-Hoc|Mixed Platforms.Build.0 = Release|Any CPU
		{0E266EC8-E844-459A-906F-DB20DC4EEED9}.Ad-Hoc|Mixed Platforms.Deploy.0 = Release|Any CPU
		{0E266EC8-E844-459A-906F-DB20DC4EEED9}.Ad-Hoc|x86.ActiveCfg = Release|Any CPU
		{0E266EC8-E844-459A-906F-DB20DC4EEED9}.AppStore|Any CPU.ActiveCfg = Release|Any CPU
		{0E266EC8-E844-459A-906F-DB20DC4EEED9}.AppStore|Any CPU.Build.0 = Release|Any CPU
		{0E266EC8-E844-459A-906F-DB20DC4EEED9}.AppStore|Any CPU.Deploy.0 = Release|Any CPU
		{0E266EC8-E844-459A-906F-DB20DC4EEED9}.AppStore|ARM.ActiveCfg = Release|Any CPU
		{0E266EC8-E844-459A-906F-DB20DC4EEED9}.AppStore|iPhone.ActiveCfg = Release|Any CPU
		{0E266EC8-E844-459A-906F-DB20DC4EEED9}.AppStore|iPhoneSimulator.ActiveCfg = Release|Any CPU
		{0E266EC8-E844-459A-906F-DB20DC4EEED9}.AppStore|Mixed Platforms.ActiveCfg = Release|Any CPU
		{0E266EC8-E844-459A-906F-DB20DC4EEED9}.AppStore|Mixed Platforms.Build.0 = Release|Any CPU
		{0E266EC8-E844-459A-906F-DB20DC4EEED9}.AppStore|Mixed Platforms.Deploy.0 = Release|Any CPU
		{0E266EC8-E844-459A-906F-DB20DC4EEED9}.AppStore|x86.ActiveCfg = Release|Any CPU
		{0E266EC8-E844-459A-906F-DB20DC4EEED9}.Debug|Any CPU.ActiveCfg = Debug|Any CPU
		{0E266EC8-E844-459A-906F-DB20DC4EEED9}.Debug|Any CPU.Build.0 = Debug|Any CPU
		{0E266EC8-E844-459A-906F-DB20DC4EEED9}.Debug|Any CPU.Deploy.0 = Debug|Any CPU
		{0E266EC8-E844-459A-906F-DB20DC4EEED9}.Debug|ARM.ActiveCfg = Debug|Any CPU
		{0E266EC8-E844-459A-906F-DB20DC4EEED9}.Debug|iPhone.ActiveCfg = Debug|Any CPU
		{0E266EC8-E844-459A-906F-DB20DC4EEED9}.Debug|iPhoneSimulator.ActiveCfg = Debug|Any CPU
		{0E266EC8-E844-459A-906F-DB20DC4EEED9}.Debug|Mixed Platforms.ActiveCfg = Debug|Any CPU
		{0E266EC8-E844-459A-906F-DB20DC4EEED9}.Debug|Mixed Platforms.Build.0 = Debug|Any CPU
		{0E266EC8-E844-459A-906F-DB20DC4EEED9}.Debug|Mixed Platforms.Deploy.0 = Debug|Any CPU
		{0E266EC8-E844-459A-906F-DB20DC4EEED9}.Debug|x86.ActiveCfg = Debug|Any CPU
		{0E266EC8-E844-459A-906F-DB20DC4EEED9}.Release|Any CPU.ActiveCfg = Release|Any CPU
		{0E266EC8-E844-459A-906F-DB20DC4EEED9}.Release|Any CPU.Build.0 = Release|Any CPU
		{0E266EC8-E844-459A-906F-DB20DC4EEED9}.Release|Any CPU.Deploy.0 = Release|Any CPU
		{0E266EC8-E844-459A-906F-DB20DC4EEED9}.Release|ARM.ActiveCfg = Release|Any CPU
		{0E266EC8-E844-459A-906F-DB20DC4EEED9}.Release|iPhone.ActiveCfg = Release|Any CPU
		{0E266EC8-E844-459A-906F-DB20DC4EEED9}.Release|iPhoneSimulator.ActiveCfg = Release|Any CPU
		{0E266EC8-E844-459A-906F-DB20DC4EEED9}.Release|Mixed Platforms.ActiveCfg = Release|Any CPU
		{0E266EC8-E844-459A-906F-DB20DC4EEED9}.Release|Mixed Platforms.Build.0 = Release|Any CPU
		{0E266EC8-E844-459A-906F-DB20DC4EEED9}.Release|Mixed Platforms.Deploy.0 = Release|Any CPU
		{0E266EC8-E844-459A-906F-DB20DC4EEED9}.Release|x86.ActiveCfg = Release|Any CPU
		{5ABD3B90-6761-425B-97AC-F3148736C42A}.Ad-Hoc|Any CPU.ActiveCfg = Release|Any CPU
		{5ABD3B90-6761-425B-97AC-F3148736C42A}.Ad-Hoc|Any CPU.Build.0 = Release|Any CPU
		{5ABD3B90-6761-425B-97AC-F3148736C42A}.Ad-Hoc|Any CPU.Deploy.0 = Release|Any CPU
		{5ABD3B90-6761-425B-97AC-F3148736C42A}.Ad-Hoc|ARM.ActiveCfg = Release|ARM
		{5ABD3B90-6761-425B-97AC-F3148736C42A}.Ad-Hoc|ARM.Build.0 = Release|ARM
		{5ABD3B90-6761-425B-97AC-F3148736C42A}.Ad-Hoc|ARM.Deploy.0 = Release|ARM
		{5ABD3B90-6761-425B-97AC-F3148736C42A}.Ad-Hoc|iPhone.ActiveCfg = Release|Any CPU
		{5ABD3B90-6761-425B-97AC-F3148736C42A}.Ad-Hoc|iPhoneSimulator.ActiveCfg = Release|Any CPU
		{5ABD3B90-6761-425B-97AC-F3148736C42A}.Ad-Hoc|Mixed Platforms.ActiveCfg = Release|x86
		{5ABD3B90-6761-425B-97AC-F3148736C42A}.Ad-Hoc|Mixed Platforms.Build.0 = Release|x86
		{5ABD3B90-6761-425B-97AC-F3148736C42A}.Ad-Hoc|Mixed Platforms.Deploy.0 = Release|x86
		{5ABD3B90-6761-425B-97AC-F3148736C42A}.Ad-Hoc|x86.ActiveCfg = Release|x86
		{5ABD3B90-6761-425B-97AC-F3148736C42A}.Ad-Hoc|x86.Build.0 = Release|x86
		{5ABD3B90-6761-425B-97AC-F3148736C42A}.Ad-Hoc|x86.Deploy.0 = Release|x86
		{5ABD3B90-6761-425B-97AC-F3148736C42A}.AppStore|Any CPU.ActiveCfg = Release|Any CPU
		{5ABD3B90-6761-425B-97AC-F3148736C42A}.AppStore|Any CPU.Build.0 = Release|Any CPU
		{5ABD3B90-6761-425B-97AC-F3148736C42A}.AppStore|Any CPU.Deploy.0 = Release|Any CPU
		{5ABD3B90-6761-425B-97AC-F3148736C42A}.AppStore|ARM.ActiveCfg = Release|ARM
		{5ABD3B90-6761-425B-97AC-F3148736C42A}.AppStore|ARM.Build.0 = Release|ARM
		{5ABD3B90-6761-425B-97AC-F3148736C42A}.AppStore|ARM.Deploy.0 = Release|ARM
		{5ABD3B90-6761-425B-97AC-F3148736C42A}.AppStore|iPhone.ActiveCfg = Release|Any CPU
		{5ABD3B90-6761-425B-97AC-F3148736C42A}.AppStore|iPhoneSimulator.ActiveCfg = Release|Any CPU
		{5ABD3B90-6761-425B-97AC-F3148736C42A}.AppStore|Mixed Platforms.ActiveCfg = Release|x86
		{5ABD3B90-6761-425B-97AC-F3148736C42A}.AppStore|Mixed Platforms.Build.0 = Release|x86
		{5ABD3B90-6761-425B-97AC-F3148736C42A}.AppStore|Mixed Platforms.Deploy.0 = Release|x86
		{5ABD3B90-6761-425B-97AC-F3148736C42A}.AppStore|x86.ActiveCfg = Release|x86
		{5ABD3B90-6761-425B-97AC-F3148736C42A}.AppStore|x86.Build.0 = Release|x86
		{5ABD3B90-6761-425B-97AC-F3148736C42A}.AppStore|x86.Deploy.0 = Release|x86
		{5ABD3B90-6761-425B-97AC-F3148736C42A}.Debug|Any CPU.ActiveCfg = Debug|Any CPU
		{5ABD3B90-6761-425B-97AC-F3148736C42A}.Debug|Any CPU.Build.0 = Debug|Any CPU
		{5ABD3B90-6761-425B-97AC-F3148736C42A}.Debug|Any CPU.Deploy.0 = Debug|Any CPU
		{5ABD3B90-6761-425B-97AC-F3148736C42A}.Debug|ARM.ActiveCfg = Debug|ARM
		{5ABD3B90-6761-425B-97AC-F3148736C42A}.Debug|ARM.Build.0 = Debug|ARM
		{5ABD3B90-6761-425B-97AC-F3148736C42A}.Debug|ARM.Deploy.0 = Debug|ARM
		{5ABD3B90-6761-425B-97AC-F3148736C42A}.Debug|iPhone.ActiveCfg = Debug|Any CPU
		{5ABD3B90-6761-425B-97AC-F3148736C42A}.Debug|iPhoneSimulator.ActiveCfg = Debug|Any CPU
		{5ABD3B90-6761-425B-97AC-F3148736C42A}.Debug|Mixed Platforms.ActiveCfg = Debug|x86
		{5ABD3B90-6761-425B-97AC-F3148736C42A}.Debug|Mixed Platforms.Build.0 = Debug|x86
		{5ABD3B90-6761-425B-97AC-F3148736C42A}.Debug|Mixed Platforms.Deploy.0 = Debug|x86
		{5ABD3B90-6761-425B-97AC-F3148736C42A}.Debug|x86.ActiveCfg = Debug|x86
		{5ABD3B90-6761-425B-97AC-F3148736C42A}.Debug|x86.Build.0 = Debug|x86
		{5ABD3B90-6761-425B-97AC-F3148736C42A}.Debug|x86.Deploy.0 = Debug|x86
		{5ABD3B90-6761-425B-97AC-F3148736C42A}.Release|Any CPU.ActiveCfg = Release|Any CPU
		{5ABD3B90-6761-425B-97AC-F3148736C42A}.Release|Any CPU.Build.0 = Release|Any CPU
		{5ABD3B90-6761-425B-97AC-F3148736C42A}.Release|Any CPU.Deploy.0 = Release|Any CPU
		{5ABD3B90-6761-425B-97AC-F3148736C42A}.Release|ARM.ActiveCfg = Release|ARM
		{5ABD3B90-6761-425B-97AC-F3148736C42A}.Release|ARM.Build.0 = Release|ARM
		{5ABD3B90-6761-425B-97AC-F3148736C42A}.Release|ARM.Deploy.0 = Release|ARM
		{5ABD3B90-6761-425B-97AC-F3148736C42A}.Release|iPhone.ActiveCfg = Release|Any CPU
		{5ABD3B90-6761-425B-97AC-F3148736C42A}.Release|iPhoneSimulator.ActiveCfg = Release|Any CPU
		{5ABD3B90-6761-425B-97AC-F3148736C42A}.Release|Mixed Platforms.ActiveCfg = Release|x86
		{5ABD3B90-6761-425B-97AC-F3148736C42A}.Release|Mixed Platforms.Build.0 = Release|x86
		{5ABD3B90-6761-425B-97AC-F3148736C42A}.Release|Mixed Platforms.Deploy.0 = Release|x86
		{5ABD3B90-6761-425B-97AC-F3148736C42A}.Release|x86.ActiveCfg = Release|x86
		{5ABD3B90-6761-425B-97AC-F3148736C42A}.Release|x86.Build.0 = Release|x86
		{5ABD3B90-6761-425B-97AC-F3148736C42A}.Release|x86.Deploy.0 = Release|x86
	EndGlobalSection
	GlobalSection(SolutionProperties) = preSolution
		HideSolutionNode = FALSE
	EndGlobalSection
	GlobalSection(MonoDevelopProperties) = preSolution
		StartupItem = FormsGallery\FormsGallery.Android\FormsGallery.Android.csproj
	EndGlobalSection
EndGlobal
